
Microsoft Visual Studio Solution File, Format Version 12.00
# Visual Studio Version 17
VisualStudioVersion = 17.14.36623.8
MinimumVisualStudioVersion = 10.0.40219.1
Project("{FAE04EC0-301F-11D3-BF4B-00C04F79EFBC}") = "OtpSystem", "OtpSystem.csproj", "{CD469E6F-90B4-41DB-9D79-799772AD8822}"
EndProject
Project("{2150E333-8FDC-42A3-9474-1A3956D46DE8}") = "docs", "docs", "{02EA681E-C7D8-13C7-8484-4AC65E1B71E8}"
	ProjectSection(SolutionItems) = preProject
		.gitignore = .gitignore
		docker-compose.yml = docker-compose.yml
		Dockerfile = Dockerfile
		OtpSystem.http = OtpSystem.http
		README.md = README.md
	EndProjectSection
EndProject
Global
	GlobalSection(SolutionConfigurationPlatforms) = preSolution
		Debug|Any CPU = Debug|Any CPU
		Release|Any CPU = Release|Any CPU
	EndGlobalSection
	GlobalSection(ProjectConfigurationPlatforms) = postSolution
		{CD469E6F-90B4-41DB-9D79-799772AD8822}.Debug|Any CPU.ActiveCfg = Debug|Any CPU
		{CD469E6F-90B4-41DB-9D79-799772AD8822}.Debug|Any CPU.Build.0 = Debug|Any CPU
		{CD469E6F-90B4-41DB-9D79-799772AD8822}.Release|Any CPU.ActiveCfg = Release|Any CPU
		{CD469E6F-90B4-41DB-9D79-799772AD8822}.Release|Any CPU.Build.0 = Release|Any CPU
	EndGlobalSection
	GlobalSection(SolutionProperties) = preSolution
		HideSolutionNode = FALSE
	EndGlobalSection
	GlobalSection(ExtensibilityGlobals) = postSolution
		SolutionGuid = {EFA3F1A3-63D2-4C89-B447-C91AA40DD9A6}
	EndGlobalSection
EndGlobal
